
Microsoft Visual Studio Solution File, Format Version 9.00
# Visual Studio 2005
Project("{FAE04EC0-301F-11D3-BF4B-00C04F79EFBC}") = "DesignModeDialog", "DesignModeDialog\DesignModeDialog.csproj", "{2265A4D6-ED1B-47F4-B730-7D6B77368431}"
EndProject
Project("{FAE04EC0-301F-11D3-BF4B-00C04F79EFBC}") = "TestApp", "TestApp\TestApp.csproj", "{314151E4-8355-4573-A7E9-3C11AC5983DB}"
EndProject
Global
	GlobalSection(SolutionConfigurationPlatforms) = preSolution
		Debug|Any CPU = Debug|Any CPU
		Release|Any CPU = Release|Any CPU
	EndGlobalSection
	GlobalSection(ProjectConfigurationPlatforms) = postSolution
		{2265A4D6-ED1B-47F4-B730-7D6B77368431}.Debug|Any CPU.ActiveCfg = Debug|Any CPU
		{2265A4D6-ED1B-47F4-B730-7D6B77368431}.Debug|Any CPU.Build.0 = Debug|Any CPU
		{2265A4D6-ED1B-47F4-B730-7D6B77368431}.Release|Any CPU.ActiveCfg = Release|Any CPU
		{2265A4D6-ED1B-47F4-B730-7D6B77368431}.Release|Any CPU.Build.0 = Release|Any CPU
		{314151E4-8355-4573-A7E9-3C11AC5983DB}.Debug|Any CPU.ActiveCfg = Debug|Any CPU
		{314151E4-8355-4573-A7E9-3C11AC5983DB}.Debug|Any CPU.Build.0 = Debug|Any CPU
		{314151E4-8355-4573-A7E9-3C11AC5983DB}.Release|Any CPU.ActiveCfg = Release|Any CPU
		{314151E4-8355-4573-A7E9-3C11AC5983DB}.Release|Any CPU.Build.0 = Release|Any CPU
	EndGlobalSection
	GlobalSection(SolutionProperties) = preSolution
		HideSolutionNode = FALSE
	EndGlobalSection
EndGlobal
