
Microsoft Visual Studio Solution File, Format Version 9.00
# Visual Studio 2005
Project("{FAE04EC0-301F-11D3-BF4B-00C04F79EFBC}") = "Pens", "Pens.csproj", "{DACF9925-11EF-40E1-9E69-FFDB3B3958A2}"
EndProject
Global
	GlobalSection(SolutionConfigurationPlatforms) = preSolution
		Debug|Any CPU = Debug|Any CPU
		Release|Any CPU = Release|Any CPU
	EndGlobalSection
	GlobalSection(ProjectConfigurationPlatforms) = postSolution
		{DACF9925-11EF-40E1-9E69-FFDB3B3958A2}.Debug|Any CPU.ActiveCfg = Debug|Any CPU
		{DACF9925-11EF-40E1-9E69-FFDB3B3958A2}.Debug|Any CPU.Build.0 = Debug|Any CPU
		{DACF9925-11EF-40E1-9E69-FFDB3B3958A2}.Release|Any CPU.ActiveCfg = Release|Any CPU
		{DACF9925-11EF-40E1-9E69-FFDB3B3958A2}.Release|Any CPU.Build.0 = Release|Any CPU
	EndGlobalSection
	GlobalSection(SolutionProperties) = preSolution
		HideSolutionNode = FALSE
	EndGlobalSection
EndGlobal
