
Microsoft Visual Studio Solution File, Format Version 9.00
# Visual Studio 2005
Project("{FAE04EC0-301F-11D3-BF4B-00C04F79EFBC}") = "MdiSynchronized", "MdiSynchronized.csproj", "{84E9473C-4D81-4BBE-A847-FD0E3C4A0FAB}"
EndProject
Global
	GlobalSection(SolutionConfigurationPlatforms) = preSolution
		Debug|Any CPU = Debug|Any CPU
		Release|Any CPU = Release|Any CPU
	EndGlobalSection
	GlobalSection(ProjectConfigurationPlatforms) = postSolution
		{84E9473C-4D81-4BBE-A847-FD0E3C4A0FAB}.Debug|Any CPU.ActiveCfg = Debug|Any CPU
		{84E9473C-4D81-4BBE-A847-FD0E3C4A0FAB}.Debug|Any CPU.Build.0 = Debug|Any CPU
		{84E9473C-4D81-4BBE-A847-FD0E3C4A0FAB}.Release|Any CPU.ActiveCfg = Release|Any CPU
		{84E9473C-4D81-4BBE-A847-FD0E3C4A0FAB}.Release|Any CPU.Build.0 = Release|Any CPU
	EndGlobalSection
	GlobalSection(SolutionProperties) = preSolution
		HideSolutionNode = FALSE
	EndGlobalSection
EndGlobal
