
Microsoft Visual Studio Solution File, Format Version 9.00
# Visual Studio 2005
Project("{FAE04EC0-301F-11D3-BF4B-00C04F79EFBC}") = "ValidationComponentsClient", "ValidationComponentsClient\ValidationComponentsClient.csproj", "{3EF1A765-61F8-4A90-BE17-1F7ACC10DBBF}"
EndProject
Project("{FAE04EC0-301F-11D3-BF4B-00C04F79EFBC}") = "ValidationComponents", "ValidationComponents\ValidationComponents.csproj", "{20F1C950-9939-4C59-8EDE-B421A3123E94}"
EndProject
Global
	GlobalSection(SolutionConfigurationPlatforms) = preSolution
		Debug|Any CPU = Debug|Any CPU
		Release|Any CPU = Release|Any CPU
	EndGlobalSection
	GlobalSection(ProjectConfigurationPlatforms) = postSolution
		{3EF1A765-61F8-4A90-BE17-1F7ACC10DBBF}.Debug|Any CPU.ActiveCfg = Debug|Any CPU
		{3EF1A765-61F8-4A90-BE17-1F7ACC10DBBF}.Debug|Any CPU.Build.0 = Debug|Any CPU
		{3EF1A765-61F8-4A90-BE17-1F7ACC10DBBF}.Release|Any CPU.ActiveCfg = Release|Any CPU
		{3EF1A765-61F8-4A90-BE17-1F7ACC10DBBF}.Release|Any CPU.Build.0 = Release|Any CPU
		{20F1C950-9939-4C59-8EDE-B421A3123E94}.Debug|Any CPU.ActiveCfg = Debug|Any CPU
		{20F1C950-9939-4C59-8EDE-B421A3123E94}.Debug|Any CPU.Build.0 = Debug|Any CPU
		{20F1C950-9939-4C59-8EDE-B421A3123E94}.Release|Any CPU.ActiveCfg = Release|Any CPU
		{20F1C950-9939-4C59-8EDE-B421A3123E94}.Release|Any CPU.Build.0 = Release|Any CPU
	EndGlobalSection
	GlobalSection(SolutionProperties) = preSolution
		HideSolutionNode = FALSE
	EndGlobalSection
EndGlobal
