
Microsoft Visual Studio Solution File, Format Version 9.00
# Visual Studio 2005
Project("{FAE04EC0-301F-11D3-BF4B-00C04F79EFBC}") = "TreeViewDataBinding", "TreeViewDataBinding.csproj", "{16E85DAA-7673-452A-B95B-CB0A86604F15}"
EndProject
Global
	GlobalSection(SolutionConfigurationPlatforms) = preSolution
		Debug|Any CPU = Debug|Any CPU
		Release|Any CPU = Release|Any CPU
	EndGlobalSection
	GlobalSection(ProjectConfigurationPlatforms) = postSolution
		{16E85DAA-7673-452A-B95B-CB0A86604F15}.Debug|Any CPU.ActiveCfg = Debug|Any CPU
		{16E85DAA-7673-452A-B95B-CB0A86604F15}.Debug|Any CPU.Build.0 = Debug|Any CPU
		{16E85DAA-7673-452A-B95B-CB0A86604F15}.Release|Any CPU.ActiveCfg = Release|Any CPU
		{16E85DAA-7673-452A-B95B-CB0A86604F15}.Release|Any CPU.Build.0 = Release|Any CPU
	EndGlobalSection
	GlobalSection(SolutionProperties) = preSolution
		HideSolutionNode = FALSE
	EndGlobalSection
EndGlobal
