
Microsoft Visual Studio Solution File, Format Version 9.00
# Visual Studio 2005
Project("{FAE04EC0-301F-11D3-BF4B-00C04F79EFBC}") = "ControlDoubleBuffering", "ControlDoubleBuffering.csproj", "{40606592-E04A-498E-9C86-1F24D3687577}"
EndProject
Global
	GlobalSection(SolutionConfigurationPlatforms) = preSolution
		Debug|Any CPU = Debug|Any CPU
		Release|Any CPU = Release|Any CPU
	EndGlobalSection
	GlobalSection(ProjectConfigurationPlatforms) = postSolution
		{40606592-E04A-498E-9C86-1F24D3687577}.Debug|Any CPU.ActiveCfg = Debug|Any CPU
		{40606592-E04A-498E-9C86-1F24D3687577}.Debug|Any CPU.Build.0 = Debug|Any CPU
		{40606592-E04A-498E-9C86-1F24D3687577}.Release|Any CPU.ActiveCfg = Release|Any CPU
		{40606592-E04A-498E-9C86-1F24D3687577}.Release|Any CPU.Build.0 = Release|Any CPU
	EndGlobalSection
	GlobalSection(SolutionProperties) = preSolution
		HideSolutionNode = FALSE
	EndGlobalSection
EndGlobal
