
Microsoft Visual Studio Solution File, Format Version 9.00
# Visual Studio 2005
Project("{FAE04EC0-301F-11D3-BF4B-00C04F79EFBC}") = "MultithreadingClient", "MultithreadingClient.csproj", "{7AD197C7-3B03-4424-AA4F-4BB75CF012C3}"
EndProject
Project("{FAE04EC0-301F-11D3-BF4B-00C04F79EFBC}") = "MultithreadingWorker", "..\MultithreadingWorker\MultithreadingWorker.csproj", "{C3697F48-4842-4712-BF8D-5EDC993EBB4F}"
EndProject
Global
	GlobalSection(SolutionConfigurationPlatforms) = preSolution
		Debug|Any CPU = Debug|Any CPU
		Release|Any CPU = Release|Any CPU
	EndGlobalSection
	GlobalSection(ProjectConfigurationPlatforms) = postSolution
		{7AD197C7-3B03-4424-AA4F-4BB75CF012C3}.Debug|Any CPU.ActiveCfg = Debug|Any CPU
		{7AD197C7-3B03-4424-AA4F-4BB75CF012C3}.Debug|Any CPU.Build.0 = Debug|Any CPU
		{7AD197C7-3B03-4424-AA4F-4BB75CF012C3}.Release|Any CPU.ActiveCfg = Release|Any CPU
		{7AD197C7-3B03-4424-AA4F-4BB75CF012C3}.Release|Any CPU.Build.0 = Release|Any CPU
		{C3697F48-4842-4712-BF8D-5EDC993EBB4F}.Debug|Any CPU.ActiveCfg = Debug|Any CPU
		{C3697F48-4842-4712-BF8D-5EDC993EBB4F}.Debug|Any CPU.Build.0 = Debug|Any CPU
		{C3697F48-4842-4712-BF8D-5EDC993EBB4F}.Release|Any CPU.ActiveCfg = Release|Any CPU
		{C3697F48-4842-4712-BF8D-5EDC993EBB4F}.Release|Any CPU.Build.0 = Release|Any CPU
	EndGlobalSection
	GlobalSection(SolutionProperties) = preSolution
		HideSolutionNode = FALSE
	EndGlobalSection
EndGlobal
