Microsoft Visual Studio Solution File, Format Version 9.00
# Visual Studio 2005
Project("{FAE04EC0-301F-11D3-BF4B-00C04F79EFBC}") = "ProgressControl", "..\ProgressBarControl\ProgressControl.csproj", "{374ABB57-24BA-40E2-A2E3-AACF5DB8D7C3}"
EndProject
Project("{FAE04EC0-301F-11D3-BF4B-00C04F79EFBC}") = "ProgressHost", "ProgressHost.csproj", "{1760F81F-8541-42C6-9649-A4FDFAD6C2B2}"
	ProjectSection(ProjectDependencies) = postProject
		{374ABB57-24BA-40E2-A2E3-AACF5DB8D7C3} = {374ABB57-24BA-40E2-A2E3-AACF5DB8D7C3}
	EndProjectSection
EndProject
Global
	GlobalSection(SolutionConfigurationPlatforms) = preSolution
		Debug|Any CPU = Debug|Any CPU
		Release|Any CPU = Release|Any CPU
	EndGlobalSection
	GlobalSection(ProjectConfigurationPlatforms) = postSolution
		{374ABB57-24BA-40E2-A2E3-AACF5DB8D7C3}.Debug|Any CPU.ActiveCfg = Debug|Any CPU
		{374ABB57-24BA-40E2-A2E3-AACF5DB8D7C3}.Debug|Any CPU.Build.0 = Debug|Any CPU
		{374ABB57-24BA-40E2-A2E3-AACF5DB8D7C3}.Release|Any CPU.ActiveCfg = Release|Any CPU
		{374ABB57-24BA-40E2-A2E3-AACF5DB8D7C3}.Release|Any CPU.Build.0 = Release|Any CPU
		{1760F81F-8541-42C6-9649-A4FDFAD6C2B2}.Debug|Any CPU.ActiveCfg = Debug|Any CPU
		{1760F81F-8541-42C6-9649-A4FDFAD6C2B2}.Debug|Any CPU.Build.0 = Debug|Any CPU
		{1760F81F-8541-42C6-9649-A4FDFAD6C2B2}.Release|Any CPU.ActiveCfg = Release|Any CPU
		{1760F81F-8541-42C6-9649-A4FDFAD6C2B2}.Release|Any CPU.Build.0 = Release|Any CPU
	EndGlobalSection
	GlobalSection(SolutionProperties) = preSolution
		HideSolutionNode = FALSE
	EndGlobalSection
EndGlobal
