
Microsoft Visual Studio Solution File, Format Version 9.00
# Visual Studio 2005
Project("{FAE04EC0-301F-11D3-BF4B-00C04F79EFBC}") = "ProjectTreeControl", "ProjectTreeControl\ProjectTreeControl.csproj", "{9C32F376-4D17-4C02-9546-24FA564A0C62}"
EndProject
Project("{FAE04EC0-301F-11D3-BF4B-00C04F79EFBC}") = "ProjectTreeHost", "ProjectTreeHost\ProjectTreeHost.csproj", "{80D4A3FD-B226-4FE4-8D25-3D0918B1B502}"
EndProject
Global
	GlobalSection(SolutionConfigurationPlatforms) = preSolution
		Debug|Any CPU = Debug|Any CPU
		Release|Any CPU = Release|Any CPU
	EndGlobalSection
	GlobalSection(ProjectConfigurationPlatforms) = postSolution
		{9C32F376-4D17-4C02-9546-24FA564A0C62}.Debug|Any CPU.ActiveCfg = Debug|Any CPU
		{9C32F376-4D17-4C02-9546-24FA564A0C62}.Debug|Any CPU.Build.0 = Debug|Any CPU
		{9C32F376-4D17-4C02-9546-24FA564A0C62}.Release|Any CPU.ActiveCfg = Release|Any CPU
		{9C32F376-4D17-4C02-9546-24FA564A0C62}.Release|Any CPU.Build.0 = Release|Any CPU
		{80D4A3FD-B226-4FE4-8D25-3D0918B1B502}.Debug|Any CPU.ActiveCfg = Debug|Any CPU
		{80D4A3FD-B226-4FE4-8D25-3D0918B1B502}.Debug|Any CPU.Build.0 = Debug|Any CPU
		{80D4A3FD-B226-4FE4-8D25-3D0918B1B502}.Release|Any CPU.ActiveCfg = Release|Any CPU
		{80D4A3FD-B226-4FE4-8D25-3D0918B1B502}.Release|Any CPU.Build.0 = Release|Any CPU
	EndGlobalSection
	GlobalSection(SolutionProperties) = preSolution
		HideSolutionNode = FALSE
	EndGlobalSection
EndGlobal
