
Microsoft Visual Studio Solution File, Format Version 9.00
# Visual Studio 2005
Project("{FAE04EC0-301F-11D3-BF4B-00C04F79EFBC}") = "LocalizedTest", "LocalizedTest.csproj", "{6BB6042C-75CA-4F1A-9FCB-1901F9E73E9D}"
EndProject
Global
	GlobalSection(SolutionConfigurationPlatforms) = preSolution
		Debug|Any CPU = Debug|Any CPU
		Release|Any CPU = Release|Any CPU
	EndGlobalSection
	GlobalSection(ProjectConfigurationPlatforms) = postSolution
		{6BB6042C-75CA-4F1A-9FCB-1901F9E73E9D}.Debug|Any CPU.ActiveCfg = Debug|Any CPU
		{6BB6042C-75CA-4F1A-9FCB-1901F9E73E9D}.Debug|Any CPU.Build.0 = Debug|Any CPU
		{6BB6042C-75CA-4F1A-9FCB-1901F9E73E9D}.Release|Any CPU.ActiveCfg = Release|Any CPU
		{6BB6042C-75CA-4F1A-9FCB-1901F9E73E9D}.Release|Any CPU.Build.0 = Release|Any CPU
	EndGlobalSection
	GlobalSection(SolutionProperties) = preSolution
		HideSolutionNode = FALSE
	EndGlobalSection
EndGlobal
