
Microsoft Visual Studio Solution File, Format Version 9.00
# Visual Studio 2005
Project("{FAE04EC0-301F-11D3-BF4B-00C04F79EFBC}") = "AlphaBlending", "AlphaBlending.csproj", "{BF0ABB8D-29F0-4033-AE24-2F833D0540DB}"
EndProject
Global
	GlobalSection(SolutionConfigurationPlatforms) = preSolution
		Debug|Any CPU = Debug|Any CPU
		Release|Any CPU = Release|Any CPU
	EndGlobalSection
	GlobalSection(ProjectConfigurationPlatforms) = postSolution
		{BF0ABB8D-29F0-4033-AE24-2F833D0540DB}.Debug|Any CPU.ActiveCfg = Debug|Any CPU
		{BF0ABB8D-29F0-4033-AE24-2F833D0540DB}.Debug|Any CPU.Build.0 = Debug|Any CPU
		{BF0ABB8D-29F0-4033-AE24-2F833D0540DB}.Release|Any CPU.ActiveCfg = Release|Any CPU
		{BF0ABB8D-29F0-4033-AE24-2F833D0540DB}.Release|Any CPU.Build.0 = Release|Any CPU
	EndGlobalSection
	GlobalSection(SolutionProperties) = preSolution
		HideSolutionNode = FALSE
	EndGlobalSection
EndGlobal
