
Microsoft Visual Studio Solution File, Format Version 9.00
# Visual Studio 2005
Project("{FAE04EC0-301F-11D3-BF4B-00C04F79EFBC}") = "MaskedComboBoxControl", "MaskedComboBoxControl.csproj", "{CBAA14D4-7D86-4676-AED7-06E53FEDCC5D}"
EndProject
Global
	GlobalSection(SolutionConfigurationPlatforms) = preSolution
		Debug|Any CPU = Debug|Any CPU
		Release|Any CPU = Release|Any CPU
	EndGlobalSection
	GlobalSection(ProjectConfigurationPlatforms) = postSolution
		{CBAA14D4-7D86-4676-AED7-06E53FEDCC5D}.Debug|Any CPU.ActiveCfg = Debug|Any CPU
		{CBAA14D4-7D86-4676-AED7-06E53FEDCC5D}.Debug|Any CPU.Build.0 = Debug|Any CPU
		{CBAA14D4-7D86-4676-AED7-06E53FEDCC5D}.Release|Any CPU.ActiveCfg = Release|Any CPU
		{CBAA14D4-7D86-4676-AED7-06E53FEDCC5D}.Release|Any CPU.Build.0 = Release|Any CPU
	EndGlobalSection
	GlobalSection(SolutionProperties) = preSolution
		HideSolutionNode = FALSE
	EndGlobalSection
EndGlobal
