Microsoft Visual Studio Solution File, Format Version 9.00
# Visual Studio 2005
Project("{FAE04EC0-301F-11D3-BF4B-00C04F79EFBC}") = "BitmapViewerHost", "BitmapViewerHost\BitmapViewerHost.csproj", "{B835B6B6-5A8A-40C1-B944-8F2A4AC241F5}"
EndProject
Project("{FAE04EC0-301F-11D3-BF4B-00C04F79EFBC}") = "BitmapViewerControl", "BitmapViewerControl\BitmapViewerControl.csproj", "{0032785D-BEAE-407A-850D-18535317FC67}"
EndProject
Global
	GlobalSection(SolutionConfigurationPlatforms) = preSolution
		Debug|Any CPU = Debug|Any CPU
		Release|Any CPU = Release|Any CPU
	EndGlobalSection
	GlobalSection(ProjectConfigurationPlatforms) = postSolution
		{B835B6B6-5A8A-40C1-B944-8F2A4AC241F5}.Debug|Any CPU.ActiveCfg = Debug|Any CPU
		{B835B6B6-5A8A-40C1-B944-8F2A4AC241F5}.Debug|Any CPU.Build.0 = Debug|Any CPU
		{B835B6B6-5A8A-40C1-B944-8F2A4AC241F5}.Release|Any CPU.ActiveCfg = Release|Any CPU
		{B835B6B6-5A8A-40C1-B944-8F2A4AC241F5}.Release|Any CPU.Build.0 = Release|Any CPU
		{0032785D-BEAE-407A-850D-18535317FC67}.Debug|Any CPU.ActiveCfg = Debug|Any CPU
		{0032785D-BEAE-407A-850D-18535317FC67}.Debug|Any CPU.Build.0 = Debug|Any CPU
		{0032785D-BEAE-407A-850D-18535317FC67}.Release|Any CPU.ActiveCfg = Release|Any CPU
		{0032785D-BEAE-407A-850D-18535317FC67}.Release|Any CPU.Build.0 = Release|Any CPU
	EndGlobalSection
	GlobalSection(SolutionProperties) = preSolution
		HideSolutionNode = FALSE
	EndGlobalSection
EndGlobal
