
Microsoft Visual Studio Solution File, Format Version 9.00
# Visual Studio 2005
Project("{FAE04EC0-301F-11D3-BF4B-00C04F79EFBC}") = "Video", "Video.csproj", "{F4C60126-074E-460B-918C-435EF0566FBF}"
EndProject
Global
	GlobalSection(SolutionConfigurationPlatforms) = preSolution
		Debug|Any CPU = Debug|Any CPU
		Release|Any CPU = Release|Any CPU
	EndGlobalSection
	GlobalSection(ProjectConfigurationPlatforms) = postSolution
		{F4C60126-074E-460B-918C-435EF0566FBF}.Debug|Any CPU.ActiveCfg = Debug|Any CPU
		{F4C60126-074E-460B-918C-435EF0566FBF}.Debug|Any CPU.Build.0 = Debug|Any CPU
		{F4C60126-074E-460B-918C-435EF0566FBF}.Release|Any CPU.ActiveCfg = Release|Any CPU
		{F4C60126-074E-460B-918C-435EF0566FBF}.Release|Any CPU.Build.0 = Release|Any CPU
	EndGlobalSection
	GlobalSection(SolutionProperties) = preSolution
		HideSolutionNode = FALSE
	EndGlobalSection
EndGlobal
