
Microsoft Visual Studio Solution File, Format Version 9.00
# Visual Studio 2005
Project("{FAE04EC0-301F-11D3-BF4B-00C04F79EFBC}") = "FileWatcher", "FileWatcher\FileWatcher.csproj", "{A247A06F-3393-4F61-B4A7-0B749B2B67FB}"
EndProject
Global
	GlobalSection(SolutionConfigurationPlatforms) = preSolution
		Debug|Any CPU = Debug|Any CPU
		Release|Any CPU = Release|Any CPU
	EndGlobalSection
	GlobalSection(ProjectConfigurationPlatforms) = postSolution
		{A247A06F-3393-4F61-B4A7-0B749B2B67FB}.Debug|Any CPU.ActiveCfg = Debug|Any CPU
		{A247A06F-3393-4F61-B4A7-0B749B2B67FB}.Debug|Any CPU.Build.0 = Debug|Any CPU
		{A247A06F-3393-4F61-B4A7-0B749B2B67FB}.Release|Any CPU.ActiveCfg = Release|Any CPU
		{A247A06F-3393-4F61-B4A7-0B749B2B67FB}.Release|Any CPU.Build.0 = Release|Any CPU
	EndGlobalSection
	GlobalSection(SolutionProperties) = preSolution
		HideSolutionNode = FALSE
	EndGlobalSection
EndGlobal
