
Microsoft Visual Studio Solution File, Format Version 9.00
# Visual Studio 2005
Project("{FAE04EC0-301F-11D3-BF4B-00C04F79EFBC}") = "EventTracker", "EventTracker.csproj", "{04EA815A-5F16-46DF-A7EC-405DA99054F0}"
EndProject
Global
	GlobalSection(SolutionConfigurationPlatforms) = preSolution
		Debug|Any CPU = Debug|Any CPU
		Release|Any CPU = Release|Any CPU
	EndGlobalSection
	GlobalSection(ProjectConfigurationPlatforms) = postSolution
		{04EA815A-5F16-46DF-A7EC-405DA99054F0}.Debug|Any CPU.ActiveCfg = Debug|Any CPU
		{04EA815A-5F16-46DF-A7EC-405DA99054F0}.Debug|Any CPU.Build.0 = Debug|Any CPU
		{04EA815A-5F16-46DF-A7EC-405DA99054F0}.Release|Any CPU.ActiveCfg = Release|Any CPU
		{04EA815A-5F16-46DF-A7EC-405DA99054F0}.Release|Any CPU.Build.0 = Release|Any CPU
	EndGlobalSection
	GlobalSection(SolutionProperties) = preSolution
		HideSolutionNode = FALSE
	EndGlobalSection
EndGlobal
