
Microsoft Visual Studio Solution File, Format Version 9.00
# Visual Studio 2005
Project("{FAE04EC0-301F-11D3-BF4B-00C04F79EFBC}") = "AutomaticObjectBinding", "AutomaticObjectBinding.csproj", "{88DE7ED2-2F60-4DDE-9C40-0FB5E57079DE}"
EndProject
Global
	GlobalSection(SolutionConfigurationPlatforms) = preSolution
		Debug|Any CPU = Debug|Any CPU
		Release|Any CPU = Release|Any CPU
	EndGlobalSection
	GlobalSection(ProjectConfigurationPlatforms) = postSolution
		{88DE7ED2-2F60-4DDE-9C40-0FB5E57079DE}.Debug|Any CPU.ActiveCfg = Debug|Any CPU
		{88DE7ED2-2F60-4DDE-9C40-0FB5E57079DE}.Debug|Any CPU.Build.0 = Debug|Any CPU
		{88DE7ED2-2F60-4DDE-9C40-0FB5E57079DE}.Release|Any CPU.ActiveCfg = Release|Any CPU
		{88DE7ED2-2F60-4DDE-9C40-0FB5E57079DE}.Release|Any CPU.Build.0 = Release|Any CPU
	EndGlobalSection
	GlobalSection(SolutionProperties) = preSolution
		HideSolutionNode = FALSE
	EndGlobalSection
EndGlobal
